
Microsoft Visual Studio Solution File, Format Version 12.00
# Visual Studio Version 17
VisualStudioVersion = 17.3.32922.545
MinimumVisualStudioVersion = 10.0.40219.1
Project("{FAE04EC0-301F-11D3-BF4B-00C04F79EFBC}") = "102210021", "102210021.csproj", "{8FE32D01-6E05-4107-8DCC-9A6154F803CA}"
EndProject
Global
	GlobalSection(SolutionConfigurationPlatforms) = preSolution
		Debug|Any CPU = Debug|Any CPU
		Release|Any CPU = Release|Any CPU
	EndGlobalSection
	GlobalSection(ProjectConfigurationPlatforms) = postSolution
		{8FE32D01-6E05-4107-8DCC-9A6154F803CA}.Debug|Any CPU.ActiveCfg = Debug|Any CPU
		{8FE32D01-6E05-4107-8DCC-9A6154F803CA}.Debug|Any CPU.Build.0 = Debug|Any CPU
		{8FE32D01-6E05-4107-8DCC-9A6154F803CA}.Release|Any CPU.ActiveCfg = Release|Any CPU
		{8FE32D01-6E05-4107-8DCC-9A6154F803CA}.Release|Any CPU.Build.0 = Release|Any CPU
	EndGlobalSection
	GlobalSection(SolutionProperties) = preSolution
		HideSolutionNode = FALSE
	EndGlobalSection
	GlobalSection(ExtensibilityGlobals) = postSolution
		SolutionGuid = {C5F0C366-03CF-40AD-AB71-EC45756AABA7}
	EndGlobalSection
EndGlobal
